
Microsoft Visual Studio Solution File, Format Version 12.00
# Visual Studio Version 17
VisualStudioVersion = 17.11.34909.67
MinimumVisualStudioVersion = 10.0.40219.1
Project("{2150E333-8FDC-42A3-9474-1A3956D46DE8}") = "Services", "Services", "{AFE0A6E3-664D-4357-9CFE-A841265FA05E}"
EndProject
Project("{2150E333-8FDC-42A3-9474-1A3956D46DE8}") = "Catalog", "Catalog", "{F72702B6-DF12-4B39-A1F0-A5233581AB2C}"
EndProject
Project("{9A19103F-16F7-4668-BE54-9A1E7A4F7556}") = "MultiShop.Catalog", "Services\Catalog\MultiShop.Catalog\MultiShop.Catalog.csproj", "{46F59653-0541-48F6-8C0E-CEDF5853018D}"
EndProject
Project("{2150E333-8FDC-42A3-9474-1A3956D46DE8}") = "Discount", "Discount", "{29E00305-12A4-4FB2-9BAF-28C75B20615F}"
EndProject
Project("{9A19103F-16F7-4668-BE54-9A1E7A4F7556}") = "MultiShop.Discount", "Services\Discount\MultiShop.Discount\MultiShop.Discount.csproj", "{FB74D0BD-303D-4CC0-9087-13A9FC9DA2B1}"
EndProject
Project("{2150E333-8FDC-42A3-9474-1A3956D46DE8}") = "Order", "Order", "{E765D1DD-FFF9-4430-8399-FAA1B799326E}"
EndProject
Project("{2150E333-8FDC-42A3-9474-1A3956D46DE8}") = "Core", "Core", "{B61318DE-BE31-4E4A-B4CD-534D69B89A48}"
EndProject
Project("{2150E333-8FDC-42A3-9474-1A3956D46DE8}") = "Infrastructure", "Infrastructure", "{0AA10994-08DE-4E41-95E0-4D302E4440C9}"
EndProject
Project("{2150E333-8FDC-42A3-9474-1A3956D46DE8}") = "Prensentation", "Prensentation", "{0058F3E8-A364-4722-9B25-D30FCDD3C221}"
EndProject
Project("{FAE04EC0-301F-11D3-BF4B-00C04F79EFBC}") = "MultiShop.Order.Domain", "Services\Order\Core\MultiShop.Order.Domain\MultiShop.Order.Domain.csproj", "{DD0A6538-2821-4DAA-80DD-CDC73D9F0A2F}"
EndProject
Project("{FAE04EC0-301F-11D3-BF4B-00C04F79EFBC}") = "MultiShop.Order.Application", "Services\Order\Core\MultiShop.Order.Application\MultiShop.Order.Application.csproj", "{AFF1852B-CAB8-47D9-8194-6A42B9254664}"
EndProject
Project("{FAE04EC0-301F-11D3-BF4B-00C04F79EFBC}") = "MultiShop.Order.Persistence", "Services\Order\Infrastructure\MultiShop.Order.Persistence\MultiShop.Order.Persistence.csproj", "{48B4737F-2B4A-4CE9-BABE-7E1E58E8DB51}"
EndProject
Project("{FAE04EC0-301F-11D3-BF4B-00C04F79EFBC}") = "MultiShop.Order.WebAPI", "Services\Order\Presentation\MultiShop.Order.WebAPI\MultiShop.Order.WebAPI.csproj", "{C0CFA402-9697-4C1B-AB95-FA4B29A54FE1}"
EndProject
Global
	GlobalSection(SolutionConfigurationPlatforms) = preSolution
		Debug|Any CPU = Debug|Any CPU
		Release|Any CPU = Release|Any CPU
	EndGlobalSection
	GlobalSection(ProjectConfigurationPlatforms) = postSolution
		{46F59653-0541-48F6-8C0E-CEDF5853018D}.Debug|Any CPU.ActiveCfg = Debug|Any CPU
		{46F59653-0541-48F6-8C0E-CEDF5853018D}.Debug|Any CPU.Build.0 = Debug|Any CPU
		{46F59653-0541-48F6-8C0E-CEDF5853018D}.Release|Any CPU.ActiveCfg = Release|Any CPU
		{46F59653-0541-48F6-8C0E-CEDF5853018D}.Release|Any CPU.Build.0 = Release|Any CPU
		{FB74D0BD-303D-4CC0-9087-13A9FC9DA2B1}.Debug|Any CPU.ActiveCfg = Debug|Any CPU
		{FB74D0BD-303D-4CC0-9087-13A9FC9DA2B1}.Debug|Any CPU.Build.0 = Debug|Any CPU
		{FB74D0BD-303D-4CC0-9087-13A9FC9DA2B1}.Release|Any CPU.ActiveCfg = Release|Any CPU
		{FB74D0BD-303D-4CC0-9087-13A9FC9DA2B1}.Release|Any CPU.Build.0 = Release|Any CPU
		{DD0A6538-2821-4DAA-80DD-CDC73D9F0A2F}.Debug|Any CPU.ActiveCfg = Debug|Any CPU
		{DD0A6538-2821-4DAA-80DD-CDC73D9F0A2F}.Debug|Any CPU.Build.0 = Debug|Any CPU
		{DD0A6538-2821-4DAA-80DD-CDC73D9F0A2F}.Release|Any CPU.ActiveCfg = Release|Any CPU
		{DD0A6538-2821-4DAA-80DD-CDC73D9F0A2F}.Release|Any CPU.Build.0 = Release|Any CPU
		{AFF1852B-CAB8-47D9-8194-6A42B9254664}.Debug|Any CPU.ActiveCfg = Debug|Any CPU
		{AFF1852B-CAB8-47D9-8194-6A42B9254664}.Debug|Any CPU.Build.0 = Debug|Any CPU
		{AFF1852B-CAB8-47D9-8194-6A42B9254664}.Release|Any CPU.ActiveCfg = Release|Any CPU
		{AFF1852B-CAB8-47D9-8194-6A42B9254664}.Release|Any CPU.Build.0 = Release|Any CPU
		{48B4737F-2B4A-4CE9-BABE-7E1E58E8DB51}.Debug|Any CPU.ActiveCfg = Debug|Any CPU
		{48B4737F-2B4A-4CE9-BABE-7E1E58E8DB51}.Debug|Any CPU.Build.0 = Debug|Any CPU
		{48B4737F-2B4A-4CE9-BABE-7E1E58E8DB51}.Release|Any CPU.ActiveCfg = Release|Any CPU
		{48B4737F-2B4A-4CE9-BABE-7E1E58E8DB51}.Release|Any CPU.Build.0 = Release|Any CPU
		{C0CFA402-9697-4C1B-AB95-FA4B29A54FE1}.Debug|Any CPU.ActiveCfg = Debug|Any CPU
		{C0CFA402-9697-4C1B-AB95-FA4B29A54FE1}.Debug|Any CPU.Build.0 = Debug|Any CPU
		{C0CFA402-9697-4C1B-AB95-FA4B29A54FE1}.Release|Any CPU.ActiveCfg = Release|Any CPU
		{C0CFA402-9697-4C1B-AB95-FA4B29A54FE1}.Release|Any CPU.Build.0 = Release|Any CPU
	EndGlobalSection
	GlobalSection(SolutionProperties) = preSolution
		HideSolutionNode = FALSE
	EndGlobalSection
	GlobalSection(NestedProjects) = preSolution
		{F72702B6-DF12-4B39-A1F0-A5233581AB2C} = {AFE0A6E3-664D-4357-9CFE-A841265FA05E}
		{46F59653-0541-48F6-8C0E-CEDF5853018D} = {F72702B6-DF12-4B39-A1F0-A5233581AB2C}
		{29E00305-12A4-4FB2-9BAF-28C75B20615F} = {AFE0A6E3-664D-4357-9CFE-A841265FA05E}
		{FB74D0BD-303D-4CC0-9087-13A9FC9DA2B1} = {29E00305-12A4-4FB2-9BAF-28C75B20615F}
		{E765D1DD-FFF9-4430-8399-FAA1B799326E} = {AFE0A6E3-664D-4357-9CFE-A841265FA05E}
		{B61318DE-BE31-4E4A-B4CD-534D69B89A48} = {E765D1DD-FFF9-4430-8399-FAA1B799326E}
		{0AA10994-08DE-4E41-95E0-4D302E4440C9} = {E765D1DD-FFF9-4430-8399-FAA1B799326E}
		{0058F3E8-A364-4722-9B25-D30FCDD3C221} = {E765D1DD-FFF9-4430-8399-FAA1B799326E}
		{DD0A6538-2821-4DAA-80DD-CDC73D9F0A2F} = {B61318DE-BE31-4E4A-B4CD-534D69B89A48}
		{AFF1852B-CAB8-47D9-8194-6A42B9254664} = {B61318DE-BE31-4E4A-B4CD-534D69B89A48}
		{48B4737F-2B4A-4CE9-BABE-7E1E58E8DB51} = {0AA10994-08DE-4E41-95E0-4D302E4440C9}
		{C0CFA402-9697-4C1B-AB95-FA4B29A54FE1} = {0058F3E8-A364-4722-9B25-D30FCDD3C221}
	EndGlobalSection
	GlobalSection(ExtensibilityGlobals) = postSolution
		SolutionGuid = {53AB6EA7-F631-4A85-935C-77A290A818FC}
	EndGlobalSection
EndGlobal
